<?xml version="1.0" encoding="utf-8"?>
<Project ToolsVersion="4.0" xmlns="http://schemas.microsoft.com/developer/msbuild/2003">
  <ItemGroup>
    <Filter Include="Source Files">
      <UniqueIdentifier>{91f039e8-cf9c-4209-84ce-9662e804c162}</UniqueIdentifier>
    </Filter>
    <Filter Include="Source Files\Actor">
      <UniqueIdentifier>{6ba56215-14f4-47ab-9146-8feae7f85808}</UniqueIdentifier>
    </Filter>
    <Filter Include="Source Files\Bitmap">
      <UniqueIdentifier>{7c3428c6-9a21-4588-a525-5c1f7066db07}</UniqueIdentifier>
    </Filter>
    <Filter Include="Source Files\Bitmap\Compression">
      <UniqueIdentifier>{1bc711c1-ef10-462f-96ba-4b752d87910a}</UniqueIdentifier>
    </Filter>
    <Filter Include="Source Files\Engine">
      <UniqueIdentifier>{b18e29df-f114-4747-88af-586c891c6564}</UniqueIdentifier>
    </Filter>
    <Filter Include="Source Files\Engine\Logo">
      <UniqueIdentifier>{4a344118-dcdb-4a15-bdd1-577f3dfce292}</UniqueIdentifier>
    </Filter>
    <Filter Include="Source Files\Entities">
      <UniqueIdentifier>{0eab86bf-db30-4d22-9d59-b693571b1bee}</UniqueIdentifier>
    </Filter>
    <Filter Include="Source Files\Math">
      <UniqueIdentifier>{28d729c4-0754-4c8d-aa9a-59345e6c869e}</UniqueIdentifier>
    </Filter>
    <Filter Include="Source Files\Support">
      <UniqueIdentifier>{1bedaa92-f7c9-4564-9082-b237b66cd401}</UniqueIdentifier>
    </Filter>
    <Filter Include="Source Files\VFile">
      <UniqueIdentifier>{148c7e0f-fd30-4f19-9d00-c41f14963c3b}</UniqueIdentifier>
    </Filter>
    <Filter Include="Source Files\World">
      <UniqueIdentifier>{47f0aa88-2e23-487e-9a49-3076f05e8e33}</UniqueIdentifier>
    </Filter>
    <Filter Include="Source Files\Font">
      <UniqueIdentifier>{78bb3b1f-f0a5-4f5e-9896-834f4ed45fa4}</UniqueIdentifier>
    </Filter>
    <Filter Include="Source Files\Physics">
      <UniqueIdentifier>{f7e240bf-ccf7-4071-b53e-697a5f764568}</UniqueIdentifier>
    </Filter>
    <Filter Include="Libraries">
      <UniqueIdentifier>{b5c499ce-f8e5-4d76-b4a8-7631a8f974d2}</UniqueIdentifier>
    </Filter>
  </ItemGroup>
  <ItemGroup>
    <ClCompile Include="Actor\actor.c">
      <Filter>Source Files\Actor</Filter>
    </ClCompile>
    <ClCompile Include="Actor\body.c">
      <Filter>Source Files\Actor</Filter>
    </ClCompile>
    <ClCompile Include="Actor\bodyinst.c">
      <Filter>Source Files\Actor</Filter>
    </ClCompile>
    <ClCompile Include="Actor\motion.c">
      <Filter>Source Files\Actor</Filter>
    </ClCompile>
    <ClCompile Include="Actor\path.c">
      <Filter>Source Files\Actor</Filter>
    </ClCompile>
    <ClCompile Include="Actor\pose.c">
      <Filter>Source Files\Actor</Filter>
    </ClCompile>
    <ClCompile Include="Actor\puppet.c">
      <Filter>Source Files\Actor</Filter>
    </ClCompile>
    <ClCompile Include="Actor\QKFrame.c">
      <Filter>Source Files\Actor</Filter>
    </ClCompile>
    <ClCompile Include="Actor\strblock.c">
      <Filter>Source Files\Actor</Filter>
    </ClCompile>
    <ClCompile Include="Actor\tkarray.c">
      <Filter>Source Files\Actor</Filter>
    </ClCompile>
    <ClCompile Include="Actor\tkevents.c">
      <Filter>Source Files\Actor</Filter>
    </ClCompile>
    <ClCompile Include="Actor\vkframe.c">
      <Filter>Source Files\Actor</Filter>
    </ClCompile>
    <ClCompile Include="Actor\XFArray.c">
      <Filter>Source Files\Actor</Filter>
    </ClCompile>
    <ClCompile Include="Bitmap\Compression\palcreate.c">
      <Filter>Source Files\Bitmap\Compression</Filter>
    </ClCompile>
    <ClCompile Include="Bitmap\Compression\palettize.c">
      <Filter>Source Files\Bitmap\Compression</Filter>
    </ClCompile>
    <ClCompile Include="Bitmap\Compression\paloptimize.c">
      <Filter>Source Files\Bitmap\Compression</Filter>
    </ClCompile>
    <ClCompile Include="Bitmap\Compression\yuv.c">
      <Filter>Source Files\Bitmap\Compression</Filter>
    </ClCompile>
    <ClCompile Include="Bitmap\bitmap.c">
      <Filter>Source Files\Bitmap</Filter>
    </ClCompile>
    <ClCompile Include="Bitmap\bitmap_blitdata.c">
      <Filter>Source Files\Bitmap</Filter>
    </ClCompile>
    <ClCompile Include="Bitmap\bitmap_gamma.c">
      <Filter>Source Files\Bitmap</Filter>
    </ClCompile>
    <ClCompile Include="Bitmap\pixelformat.c">
      <Filter>Source Files\Bitmap</Filter>
    </ClCompile>
    <ClCompile Include="Engine\Logo\A_CORONA.c">
      <Filter>Source Files\Engine\Logo</Filter>
    </ClCompile>
    <ClCompile Include="Engine\Logo\A_STREAK.c">
      <Filter>Source Files\Engine\Logo</Filter>
    </ClCompile>
    <ClCompile Include="Engine\Logo\CORONA.c">
      <Filter>Source Files\Engine\Logo</Filter>
    </ClCompile>
    <ClCompile Include="Engine\Logo\electric.c">
      <Filter>Source Files\Engine\Logo</Filter>
    </ClCompile>
    <ClCompile Include="Engine\Logo\logo.c">
      <Filter>Source Files\Engine\Logo</Filter>
    </ClCompile>
    <ClCompile Include="Engine\Logo\LogoActor.c">
      <Filter>Source Files\Engine\Logo</Filter>
    </ClCompile>
    <ClCompile Include="Engine\Logo\streak.c">
      <Filter>Source Files\Engine\Logo</Filter>
    </ClCompile>
    <ClCompile Include="Engine\Logo\WebUrl.c">
      <Filter>Source Files\Engine\Logo</Filter>
    </ClCompile>
    <ClCompile Include="Engine\BitmapList.c">
      <Filter>Source Files\Engine</Filter>
    </ClCompile>
    <ClCompile Include="Engine\engine.c">
      <Filter>Source Files\Engine</Filter>
    </ClCompile>
    <ClCompile Include="Engine\fontbmp.c">
      <Filter>Source Files\Engine</Filter>
    </ClCompile>
    <ClCompile Include="Engine\System.c">
      <Filter>Source Files\Engine</Filter>
    </ClCompile>
    <ClCompile Include="Entities\Entities.c">
      <Filter>Source Files\Entities</Filter>
    </ClCompile>
    <ClCompile Include="Math\Box.c">
      <Filter>Source Files\Math</Filter>
    </ClCompile>
    <ClCompile Include="Math\crc32.c">
      <Filter>Source Files\Math</Filter>
    </ClCompile>
    <ClCompile Include="Math\ExtBox.c">
      <Filter>Source Files\Math</Filter>
    </ClCompile>
    <ClCompile Include="Math\quatern.c">
      <Filter>Source Files\Math</Filter>
    </ClCompile>
    <ClCompile Include="Math\Vec3d.c">
      <Filter>Source Files\Math</Filter>
    </ClCompile>
    <ClCompile Include="Math\Xform3d.c">
      <Filter>Source Files\Math</Filter>
    </ClCompile>
    <ClCompile Include="Support\Errorlog.c">
      <Filter>Source Files\Support</Filter>
    </ClCompile>
    <ClCompile Include="Support\geAssert.c">
      <Filter>Source Files\Support</Filter>
    </ClCompile>
    <ClCompile Include="Support\log.c">
      <Filter>Source Files\Support</Filter>
    </ClCompile>
    <ClCompile Include="Support\mempool.c">
      <Filter>Source Files\Support</Filter>
    </ClCompile>
    <ClCompile Include="Support\Ram.c">
      <Filter>Source Files\Support</Filter>
    </ClCompile>
    <ClCompile Include="Support\ramdll.c">
      <Filter>Source Files\Support</Filter>
    </ClCompile>
    <ClCompile Include="VFile\dirtree.c">
      <Filter>Source Files\VFile</Filter>
    </ClCompile>
    <ClCompile Include="VFile\fsdos.c">
      <Filter>Source Files\VFile</Filter>
    </ClCompile>
    <ClCompile Include="VFile\Fsmemory.c">
      <Filter>Source Files\VFile</Filter>
    </ClCompile>
    <ClCompile Include="VFile\fsvfs.c">
      <Filter>Source Files\VFile</Filter>
    </ClCompile>
    <ClCompile Include="VFile\vfile.c">
      <Filter>Source Files\VFile</Filter>
    </ClCompile>
    <ClCompile Include="World\Fog.c">
      <Filter>Source Files\World</Filter>
    </ClCompile>
    <ClCompile Include="World\Frustum.c">
      <Filter>Source Files\World</Filter>
    </ClCompile>
    <ClCompile Include="World\Gbspfile.c">
      <Filter>Source Files\World</Filter>
    </ClCompile>
    <ClCompile Include="World\Light.c">
      <Filter>Source Files\World</Filter>
    </ClCompile>
    <ClCompile Include="World\Plane.c">
      <Filter>Source Files\World</Filter>
    </ClCompile>
    <ClCompile Include="World\Surface.c">
      <Filter>Source Files\World</Filter>
    </ClCompile>
    <ClCompile Include="World\Trace.c">
      <Filter>Source Files\World</Filter>
    </ClCompile>
    <ClCompile Include="World\User.c">
      <Filter>Source Files\World</Filter>
    </ClCompile>
    <ClCompile Include="World\Vis.c">
      <Filter>Source Files\World</Filter>
    </ClCompile>
    <ClCompile Include="World\WBitmap.c">
      <Filter>Source Files\World</Filter>
    </ClCompile>
    <ClCompile Include="World\World.c">
      <Filter>Source Files\World</Filter>
    </ClCompile>
    <ClCompile Include="Font\font.c">
      <Filter>Source Files\Font</Filter>
    </ClCompile>
    <ClCompile Include="Font\wgClip.c">
      <Filter>Source Files\Font</Filter>
    </ClCompile>
    <ClCompile Include="Physics\matrix33.c">
      <Filter>Source Files\Physics</Filter>
    </ClCompile>
    <ClCompile Include="Physics\PhysicsJoint.c">
      <Filter>Source Files\Physics</Filter>
    </ClCompile>
    <ClCompile Include="Physics\PhysicsObject.c">
      <Filter>Source Files\Physics</Filter>
    </ClCompile>
    <ClCompile Include="Physics\PhysicsSystem.c">
      <Filter>Source Files\Physics</Filter>
    </ClCompile>
    <ClCompile Include="Camera.c">
      <Filter>Source Files</Filter>
    </ClCompile>
    <ClCompile Include="CSNetMgr.c">
      <Filter>Source Files</Filter>
    </ClCompile>
    <ClCompile Include="Ge.c">
      <Filter>Source Files</Filter>
    </ClCompile>
    <ClCompile Include="list.c">
      <Filter>Source Files</Filter>
    </ClCompile>
    <ClCompile Include="Netplay.c">
      <Filter>Source Files</Filter>
    </ClCompile>
    <ClCompile Include="Sound.c">
      <Filter>Source Files</Filter>
    </ClCompile>
    <ClCompile Include="Sound3d.c">
      <Filter>Source Files</Filter>
    </ClCompile>
    <ClCompile Include="Tclip.c">
      <Filter>Source Files</Filter>
    </ClCompile>
    <ClCompile Include="timer.c">
      <Filter>Source Files</Filter>
    </ClCompile>
    <ClCompile Include="tsc.c">
      <Filter>Source Files</Filter>
    </ClCompile>
  </ItemGroup>
  <ItemGroup>
    <ClInclude Include="Actor\actor.h">
      <Filter>Source Files\Actor</Filter>
    </ClInclude>
    <ClInclude Include="Actor\body.h">
      <Filter>Source Files\Actor</Filter>
    </ClInclude>
    <ClInclude Include="Actor\bodyinst.h">
      <Filter>Source Files\Actor</Filter>
    </ClInclude>
    <ClInclude Include="Actor\motion.h">
      <Filter>Source Files\Actor</Filter>
    </ClInclude>
    <ClInclude Include="Actor\path.h">
      <Filter>Source Files\Actor</Filter>
    </ClInclude>
    <ClInclude Include="Actor\pose.h">
      <Filter>Source Files\Actor</Filter>
    </ClInclude>
    <ClInclude Include="Actor\puppet.h">
      <Filter>Source Files\Actor</Filter>
    </ClInclude>
    <ClInclude Include="Actor\QKFrame.h">
      <Filter>Source Files\Actor</Filter>
    </ClInclude>
    <ClInclude Include="Actor\strblock.h">
      <Filter>Source Files\Actor</Filter>
    </ClInclude>
    <ClInclude Include="Actor\tkarray.h">
      <Filter>Source Files\Actor</Filter>
    </ClInclude>
    <ClInclude Include="Actor\tkevents.h">
      <Filter>Source Files\Actor</Filter>
    </ClInclude>
    <ClInclude Include="Actor\vkframe.h">
      <Filter>Source Files\Actor</Filter>
    </ClInclude>
    <ClInclude Include="Actor\xfarray.h">
      <Filter>Source Files\Actor</Filter>
    </ClInclude>
    <ClInclude Include="Bitmap\Compression\image.h">
      <Filter>Source Files\Bitmap\Compression</Filter>
    </ClInclude>
    <ClInclude Include="Bitmap\Compression\palcreate.h">
      <Filter>Source Files\Bitmap\Compression</Filter>
    </ClInclude>
    <ClInclude Include="Bitmap\Compression\palettize.h">
      <Filter>Source Files\Bitmap\Compression</Filter>
    </ClInclude>
    <ClInclude Include="Bitmap\Compression\paloptimize.h">
      <Filter>Source Files\Bitmap\Compression</Filter>
    </ClInclude>
    <ClInclude Include="Bitmap\Compression\utility.h">
      <Filter>Source Files\Bitmap\Compression</Filter>
    </ClInclude>
    <ClInclude Include="Bitmap\Compression\yuv.h">
      <Filter>Source Files\Bitmap\Compression</Filter>
    </ClInclude>
    <ClInclude Include="Bitmap\bitmap.h">
      <Filter>Source Files\Bitmap</Filter>
    </ClInclude>
    <ClInclude Include="Bitmap\bitmap_blitdata.h">
      <Filter>Source Files\Bitmap</Filter>
    </ClInclude>
    <ClInclude Include="Bitmap\bitmap_gamma.h">
      <Filter>Source Files\Bitmap</Filter>
    </ClInclude>
    <ClInclude Include="Bitmap\pixelformat.h">
      <Filter>Source Files\Bitmap</Filter>
    </ClInclude>
    <ClInclude Include="Engine\Logo\electric.h">
      <Filter>Source Files\Engine\Logo</Filter>
    </ClInclude>
    <ClInclude Include="Engine\BitmapList.h">
      <Filter>Source Files\Engine</Filter>
    </ClInclude>
    <ClInclude Include="Engine\engine.h">
      <Filter>Source Files\Engine</Filter>
    </ClInclude>
    <ClInclude Include="Engine\System.h">
      <Filter>Source Files\Engine</Filter>
    </ClInclude>
    <ClInclude Include="Entities\Entities.h">
      <Filter>Source Files\Entities</Filter>
    </ClInclude>
    <ClInclude Include="Math\Box.h">
      <Filter>Source Files\Math</Filter>
    </ClInclude>
    <ClInclude Include="Math\crc32.h">
      <Filter>Source Files\Math</Filter>
    </ClInclude>
    <ClInclude Include="Math\ExtBox.h">
      <Filter>Source Files\Math</Filter>
    </ClInclude>
    <ClInclude Include="Math\quatern.h">
      <Filter>Source Files\Math</Filter>
    </ClInclude>
    <ClInclude Include="Math\Vec3d.h">
      <Filter>Source Files\Math</Filter>
    </ClInclude>
    <ClInclude Include="Math\Xform3d.h">
      <Filter>Source Files\Math</Filter>
    </ClInclude>
    <ClInclude Include="Support\Basetype.h">
      <Filter>Source Files\Support</Filter>
    </ClInclude>
    <ClInclude Include="Support\Errorlog.h">
      <Filter>Source Files\Support</Filter>
    </ClInclude>
    <ClInclude Include="Support\geAssert.h">
      <Filter>Source Files\Support</Filter>
    </ClInclude>
    <ClInclude Include="Support\log.h">
      <Filter>Source Files\Support</Filter>
    </ClInclude>
    <ClInclude Include="Support\mempool.h">
      <Filter>Source Files\Support</Filter>
    </ClInclude>
    <ClInclude Include="Support\Ram.h">
      <Filter>Source Files\Support</Filter>
    </ClInclude>
    <ClInclude Include="VFile\dirtree.h">
      <Filter>Source Files\VFile</Filter>
    </ClInclude>
    <ClInclude Include="VFile\fsdos.h">
      <Filter>Source Files\VFile</Filter>
    </ClInclude>
    <ClInclude Include="VFile\Fsmemory.h">
      <Filter>Source Files\VFile</Filter>
    </ClInclude>
    <ClInclude Include="VFile\fsvfs.h">
      <Filter>Source Files\VFile</Filter>
    </ClInclude>
    <ClInclude Include="VFile\vfile.h">
      <Filter>Source Files\VFile</Filter>
    </ClInclude>
    <ClInclude Include="World\Fog.h">
      <Filter>Source Files\World</Filter>
    </ClInclude>
    <ClInclude Include="World\Frustum.h">
      <Filter>Source Files\World</Filter>
    </ClInclude>
    <ClInclude Include="World\Gbspfile.h">
      <Filter>Source Files\World</Filter>
    </ClInclude>
    <ClInclude Include="World\Light.h">
      <Filter>Source Files\World</Filter>
    </ClInclude>
    <ClInclude Include="World\Plane.h">
      <Filter>Source Files\World</Filter>
    </ClInclude>
    <ClInclude Include="World\Surface.h">
      <Filter>Source Files\World</Filter>
    </ClInclude>
    <ClInclude Include="World\Trace.h">
      <Filter>Source Files\World</Filter>
    </ClInclude>
    <ClInclude Include="World\User.h">
      <Filter>Source Files\World</Filter>
    </ClInclude>
    <ClInclude Include="World\Vis.h">
      <Filter>Source Files\World</Filter>
    </ClInclude>
    <ClInclude Include="World\WBitmap.h">
      <Filter>Source Files\World</Filter>
    </ClInclude>
    <ClInclude Include="World\World.h">
      <Filter>Source Files\World</Filter>
    </ClInclude>
    <ClInclude Include="Font\font.H">
      <Filter>Source Files\Font</Filter>
    </ClInclude>
    <ClInclude Include="Font\wgClip.H">
      <Filter>Source Files\Font</Filter>
    </ClInclude>
    <ClInclude Include="Physics\matrix33.h">
      <Filter>Source Files\Physics</Filter>
    </ClInclude>
    <ClInclude Include="Physics\PhysicsJoint.h">
      <Filter>Source Files\Physics</Filter>
    </ClInclude>
    <ClInclude Include="Physics\PhysicsObject.h">
      <Filter>Source Files\Physics</Filter>
    </ClInclude>
    <ClInclude Include="Physics\PhysicsSystem.h">
      <Filter>Source Files\Physics</Filter>
    </ClInclude>
    <ClInclude Include="Camera.h">
      <Filter>Source Files</Filter>
    </ClInclude>
    <ClInclude Include="CSNetMgr.h">
      <Filter>Source Files</Filter>
    </ClInclude>
    <ClInclude Include="Genesis.h">
      <Filter>Source Files</Filter>
    </ClInclude>
    <ClInclude Include="getypes.h">
      <Filter>Source Files</Filter>
    </ClInclude>
    <ClInclude Include="list.h">
      <Filter>Source Files</Filter>
    </ClInclude>
    <ClInclude Include="Netplay.h">
      <Filter>Source Files</Filter>
    </ClInclude>
    <ClInclude Include="Ptrtypes.h">
      <Filter>Source Files</Filter>
    </ClInclude>
    <ClInclude Include="resource.h">
      <Filter>Source Files</Filter>
    </ClInclude>
    <ClInclude Include="Sound.h">
      <Filter>Source Files</Filter>
    </ClInclude>
    <ClInclude Include="Sound3d.h">
      <Filter>Source Files</Filter>
    </ClInclude>
    <ClInclude Include="tclip.h">
      <Filter>Source Files</Filter>
    </ClInclude>
    <ClInclude Include="timer.h">
      <Filter>Source Files</Filter>
    </ClInclude>
    <ClInclude Include="tsc.h">
      <Filter>Source Files</Filter>
    </ClInclude>
    <ClInclude Include="..\..\..\..\Program Files (x86)\Windows Kits\10\Include\10.0.10240.0\ucrt\assert.h">
      <Filter>Source Files\World</Filter>
    </ClInclude>
    <ClInclude Include="..\..\..\..\Program Files (x86)\Windows Kits\10\Include\10.0.10240.0\ucrt\corecrt.h" />
    <ClInclude Include="..\..\..\..\Program Files (x86)\Windows Kits\10\Include\10.0.10240.0\ucrt\math.h" />
    <ClInclude Include="..\..\..\..\Program Files (x86)\Windows Kits\10\Include\10.0.10240.0\ucrt\memory.h" />
    <ClInclude Include="..\..\..\..\Program Files (x86)\Microsoft Visual Studio\2017\Professional\VC\Tools\MSVC\14.11.25503\include\vcruntime.h" />
    <ClInclude Include="..\..\..\..\Program Files (x86)\Windows Kits\10\Include\10.0.15063.0\um\Windows.h" />
    <ClInclude Include="..\..\..\..\Program Files (x86)\Windows Kits\10\Include\10.0.15063.0\ucrt\corecrt_memory.h" />
    <ClInclude Include="..\..\..\..\Program Files (x86)\Windows Kits\10\Include\10.0.15063.0\shared\winapifamily.h" />
  </ItemGroup>
  <ItemGroup>
    <ResourceCompile Include="genesis.rc">
      <Filter>Source Files</Filter>
    </ResourceCompile>
  </ItemGroup>
  <ItemGroup>
    <Library Include="..\Sdk\Dx6sdk\Lib\dxguid.lib">
      <Filter>Libraries</Filter>
    </Library>
  </ItemGroup>
  <ItemGroup>
    <CustomBuild Include="Bitmap\bitmap.__h">
      <Filter>Source Files\Bitmap</Filter>
    </CustomBuild>
    <CustomBuild Include="Bitmap\bitmap._h">
      <Filter>Source Files\Bitmap</Filter>
    </CustomBuild>
    <CustomBuild Include="GenesisDLL.mak" />
  </ItemGroup>
</Project>